
Microsoft Visual Studio Solution File, Format Version 12.00
# Visual Studio Version 17
VisualStudioVersion = 17.9.34728.123
MinimumVisualStudioVersion = 10.0.40219.1
Project("{FAE04EC0-301F-11D3-BF4B-00C04F79EFBC}") = "PIM III", "PIM III\PIM III.csproj", "{B17AE256-9680-47A8-ACDB-B22FDEDC9064}"
EndProject
Global
	GlobalSection(SolutionConfigurationPlatforms) = preSolution
		Debug|Any CPU = Debug|Any CPU
		Release|Any CPU = Release|Any CPU
	EndGlobalSection
	GlobalSection(ProjectConfigurationPlatforms) = postSolution
		{B17AE256-9680-47A8-ACDB-B22FDEDC9064}.Debug|Any CPU.ActiveCfg = Debug|Any CPU
		{B17AE256-9680-47A8-ACDB-B22FDEDC9064}.Debug|Any CPU.Build.0 = Debug|Any CPU
		{B17AE256-9680-47A8-ACDB-B22FDEDC9064}.Release|Any CPU.ActiveCfg = Release|Any CPU
		{B17AE256-9680-47A8-ACDB-B22FDEDC9064}.Release|Any CPU.Build.0 = Release|Any CPU
	EndGlobalSection
	GlobalSection(SolutionProperties) = preSolution
		HideSolutionNode = FALSE
	EndGlobalSection
	GlobalSection(ExtensibilityGlobals) = postSolution
		SolutionGuid = {C3AF6318-9E15-4E59-AEE1-5396463316E6}
	EndGlobalSection
EndGlobal
